
Microsoft Visual Studio Solution File, Format Version 12.00
# Visual Studio Version 16
VisualStudioVersion = 16.0.32106.194
MinimumVisualStudioVersion = 10.0.40219.1
Project("{FAE04EC0-301F-11D3-BF4B-00C04F79EFBC}") = "Ex6(Laborator4)", "Ex6(Laborator4).csproj", "{887E5D5A-E278-4205-942F-523430D8A2A8}"
EndProject
Global
	GlobalSection(SolutionConfigurationPlatforms) = preSolution
		Debug|Any CPU = Debug|Any CPU
		Release|Any CPU = Release|Any CPU
	EndGlobalSection
	GlobalSection(ProjectConfigurationPlatforms) = postSolution
		{887E5D5A-E278-4205-942F-523430D8A2A8}.Debug|Any CPU.ActiveCfg = Debug|Any CPU
		{887E5D5A-E278-4205-942F-523430D8A2A8}.Debug|Any CPU.Build.0 = Debug|Any CPU
		{887E5D5A-E278-4205-942F-523430D8A2A8}.Release|Any CPU.ActiveCfg = Release|Any CPU
		{887E5D5A-E278-4205-942F-523430D8A2A8}.Release|Any CPU.Build.0 = Release|Any CPU
	EndGlobalSection
	GlobalSection(SolutionProperties) = preSolution
		HideSolutionNode = FALSE
	EndGlobalSection
	GlobalSection(ExtensibilityGlobals) = postSolution
		SolutionGuid = {2148D733-36F0-477A-81D7-123C55738718}
	EndGlobalSection
EndGlobal
